<?xml version="1.0" encoding="utf-8"?>
<Project ToolsVersion="4.0" xmlns="http://schemas.microsoft.com/developer/msbuild/2003">
  <ItemGroup>
    <Filter Include="源文件">
      <UniqueIdentifier>{4FC737F1-C7A5-4376-A066-2A32D752A2FF}</UniqueIdentifier>
      <Extensions>cpp;c;cc;cxx;def;odl;idl;hpj;bat;asm;asmx</Extensions>
    </Filter>
    <Filter Include="头文件">
      <UniqueIdentifier>{93995380-89BD-4b04-88EB-625FBE52EBFB}</UniqueIdentifier>
      <Extensions>h;hh;hpp;hxx;hm;inl;inc;xsd</Extensions>
    </Filter>
    <Filter Include="资源文件">
      <UniqueIdentifier>{67DA6AB6-F800-4c08-8B7A-83BB121AAD01}</UniqueIdentifier>
      <Extensions>rc;ico;cur;bmp;dlg;rc2;rct;bin;rgs;gif;jpg;jpeg;jpe;resx;tiff;tif;png;wav;mfcribbon-ms</Extensions>
    </Filter>
  </ItemGroup>
  <ItemGroup>
    <Text Include="ReadMe.txt" />
  </ItemGroup>
  <ItemGroup>
    <ClInclude Include="stdafx.h">
      <Filter>头文件</Filter>
    </ClInclude>
    <ClInclude Include="targetver.h">
      <Filter>头文件</Filter>
    </ClInclude>
    <ClInclude Include="dw.h">
      <Filter>头文件</Filter>
    </ClInclude>
    <ClInclude Include="dq.h">
      <Filter>头文件</Filter>
    </ClInclude>
    <ClInclude Include="FriendA.h">
      <Filter>头文件</Filter>
    </ClInclude>
    <ClInclude Include="FriendB.h">
      <Filter>头文件</Filter>
    </ClInclude>
    <ClInclude Include="MyArray.h">
      <Filter>头文件</Filter>
    </ClInclude>
    <ClInclude Include="A.h">
      <Filter>头文件</Filter>
    </ClInclude>
    <ClInclude Include="B.h">
      <Filter>头文件</Filter>
    </ClInclude>
    <ClInclude Include="B1.h">
      <Filter>头文件</Filter>
    </ClInclude>
    <ClInclude Include="B2.h">
      <Filter>头文件</Filter>
    </ClInclude>
    <ClInclude Include="Parent01.h">
      <Filter>头文件</Filter>
    </ClInclude>
    <ClInclude Include="Child01.h">
      <Filter>头文件</Filter>
    </ClInclude>
    <ClInclude Include="Child02.h">
      <Filter>头文件</Filter>
    </ClInclude>
    <ClInclude Include="Parent02.h">
      <Filter>头文件</Filter>
    </ClInclude>
  </ItemGroup>
  <ItemGroup>
    <ClCompile Include="stdafx.cpp">
      <Filter>源文件</Filter>
    </ClCompile>
    <ClCompile Include="ConsoleApplication2.cpp">
      <Filter>源文件</Filter>
    </ClCompile>
    <ClCompile Include="dw.cpp">
      <Filter>源文件</Filter>
    </ClCompile>
    <ClCompile Include="dq.cpp">
      <Filter>源文件</Filter>
    </ClCompile>
    <ClCompile Include="FriendA.cpp">
      <Filter>源文件</Filter>
    </ClCompile>
    <ClCompile Include="FriendB.cpp">
      <Filter>源文件</Filter>
    </ClCompile>
    <ClCompile Include="MyArray.cpp">
      <Filter>源文件</Filter>
    </ClCompile>
    <ClCompile Include="A.cpp">
      <Filter>源文件</Filter>
    </ClCompile>
    <ClCompile Include="B.cpp">
      <Filter>源文件</Filter>
    </ClCompile>
    <ClCompile Include="B1.cpp">
      <Filter>源文件</Filter>
    </ClCompile>
    <ClCompile Include="B2.cpp">
      <Filter>源文件</Filter>
    </ClCompile>
    <ClCompile Include="Parent01.cpp">
      <Filter>源文件</Filter>
    </ClCompile>
    <ClCompile Include="Child01.cpp">
      <Filter>源文件</Filter>
    </ClCompile>
    <ClCompile Include="Child02.cpp">
      <Filter>源文件</Filter>
    </ClCompile>
    <ClCompile Include="Parent02.cpp">
      <Filter>源文件</Filter>
    </ClCompile>
  </ItemGroup>
</Project>